
Microsoft Visual Studio Solution File, Format Version 12.00
# Visual Studio Version 17
VisualStudioVersion = 17.2.32516.85
MinimumVisualStudioVersion = 10.0.40219.1
Project("{9A19103F-16F7-4668-BE54-9A1E7A4F7556}") = "WebNetMentoringProject", "WebNetMentoringProject\WebNetMentoringProject.csproj", "{65025E14-3F48-446E-BACB-E13EF8FB8876}"
EndProject
Project("{9A19103F-16F7-4668-BE54-9A1E7A4F7556}") = "WebNetMentoringProject.Test", "WebNetMentoringProject.Test\WebNetMentoringProject.Test.csproj", "{266DB9FD-DE22-4795-9290-A4D6C41A4268}"
EndProject
Project("{FAE04EC0-301F-11D3-BF4B-00C04F79EFBC}") = "WebNetMentoringAPI", "WebNetMentoringAPI\WebNetMentoringAPI.csproj", "{926F2A90-BDA4-4A00-B94D-12FB1149DE45}"
EndProject
Global
	GlobalSection(SolutionConfigurationPlatforms) = preSolution
		Debug|Any CPU = Debug|Any CPU
		Release|Any CPU = Release|Any CPU
	EndGlobalSection
	GlobalSection(ProjectConfigurationPlatforms) = postSolution
		{65025E14-3F48-446E-BACB-E13EF8FB8876}.Debug|Any CPU.ActiveCfg = Debug|Any CPU
		{65025E14-3F48-446E-BACB-E13EF8FB8876}.Debug|Any CPU.Build.0 = Debug|Any CPU
		{65025E14-3F48-446E-BACB-E13EF8FB8876}.Release|Any CPU.ActiveCfg = Release|Any CPU
		{65025E14-3F48-446E-BACB-E13EF8FB8876}.Release|Any CPU.Build.0 = Release|Any CPU
		{266DB9FD-DE22-4795-9290-A4D6C41A4268}.Debug|Any CPU.ActiveCfg = Debug|Any CPU
		{266DB9FD-DE22-4795-9290-A4D6C41A4268}.Debug|Any CPU.Build.0 = Debug|Any CPU
		{266DB9FD-DE22-4795-9290-A4D6C41A4268}.Release|Any CPU.ActiveCfg = Release|Any CPU
		{266DB9FD-DE22-4795-9290-A4D6C41A4268}.Release|Any CPU.Build.0 = Release|Any CPU
		{926F2A90-BDA4-4A00-B94D-12FB1149DE45}.Debug|Any CPU.ActiveCfg = Debug|Any CPU
		{926F2A90-BDA4-4A00-B94D-12FB1149DE45}.Debug|Any CPU.Build.0 = Debug|Any CPU
		{926F2A90-BDA4-4A00-B94D-12FB1149DE45}.Release|Any CPU.ActiveCfg = Release|Any CPU
		{926F2A90-BDA4-4A00-B94D-12FB1149DE45}.Release|Any CPU.Build.0 = Release|Any CPU
	EndGlobalSection
	GlobalSection(SolutionProperties) = preSolution
		HideSolutionNode = FALSE
	EndGlobalSection
	GlobalSection(ExtensibilityGlobals) = postSolution
		SolutionGuid = {D3C4A51C-4E63-43CD-A35F-7AE21E65F481}
	EndGlobalSection
EndGlobal
